
Microsoft Visual Studio Solution File, Format Version 12.00
# Visual Studio 15
VisualStudioVersion = 15.0.28307.329
MinimumVisualStudioVersion = 10.0.40219.1
Project("{8BC9CEB8-8B4A-11D0-8D11-00A0C91BC942}") = "reder_writer", "reder_writer\reder_writer.vcxproj", "{D5EF5045-AE0C-4241-9079-DDB81A3B9DA9}"
EndProject
Global
	GlobalSection(SolutionConfigurationPlatforms) = preSolution
		Debug|x64 = Debug|x64
		Debug|x86 = Debug|x86
		Release|x64 = Release|x64
		Release|x86 = Release|x86
	EndGlobalSection
	GlobalSection(ProjectConfigurationPlatforms) = postSolution
		{D5EF5045-AE0C-4241-9079-DDB81A3B9DA9}.Debug|x64.ActiveCfg = Debug|x64
		{D5EF5045-AE0C-4241-9079-DDB81A3B9DA9}.Debug|x64.Build.0 = Debug|x64
		{D5EF5045-AE0C-4241-9079-DDB81A3B9DA9}.Debug|x86.ActiveCfg = Debug|Win32
		{D5EF5045-AE0C-4241-9079-DDB81A3B9DA9}.Debug|x86.Build.0 = Debug|Win32
		{D5EF5045-AE0C-4241-9079-DDB81A3B9DA9}.Release|x64.ActiveCfg = Release|x64
		{D5EF5045-AE0C-4241-9079-DDB81A3B9DA9}.Release|x64.Build.0 = Release|x64
		{D5EF5045-AE0C-4241-9079-DDB81A3B9DA9}.Release|x86.ActiveCfg = Release|Win32
		{D5EF5045-AE0C-4241-9079-DDB81A3B9DA9}.Release|x86.Build.0 = Release|Win32
	EndGlobalSection
	GlobalSection(SolutionProperties) = preSolution
		HideSolutionNode = FALSE
	EndGlobalSection
	GlobalSection(ExtensibilityGlobals) = postSolution
		SolutionGuid = {35CA54AD-2E26-45C8-AA3E-A7A95FE23BC7}
	EndGlobalSection
EndGlobal
